
Microsoft Visual Studio Solution File, Format Version 12.00
# Visual Studio Version 16
VisualStudioVersion = 16.0.32630.194
MinimumVisualStudioVersion = 10.0.40219.1
Project("{9A19103F-16F7-4668-BE54-9A1E7A4F7556}") = "BarberWebApp", "BarberWebApp.csproj", "{832EA3C7-FBCA-481A-883B-B435187FD6D2}"
EndProject
Project("{9A19103F-16F7-4668-BE54-9A1E7A4F7556}") = "BarberAppDLL", "..\BarberAppDLL\BarberAppDLL.csproj", "{1D3822BF-7169-4DE8-B5DA-833B6FB45320}"
EndProject
Project("{9A19103F-16F7-4668-BE54-9A1E7A4F7556}") = "BarberAPI", "..\BarberAPI\BarberAPI.csproj", "{DD424168-7E3F-4BA3-B83F-915DAD9D2FDA}"
EndProject
Global
	GlobalSection(SolutionConfigurationPlatforms) = preSolution
		Debug|Any CPU = Debug|Any CPU
		Release|Any CPU = Release|Any CPU
	EndGlobalSection
	GlobalSection(ProjectConfigurationPlatforms) = postSolution
		{832EA3C7-FBCA-481A-883B-B435187FD6D2}.Debug|Any CPU.ActiveCfg = Debug|Any CPU
		{832EA3C7-FBCA-481A-883B-B435187FD6D2}.Debug|Any CPU.Build.0 = Debug|Any CPU
		{832EA3C7-FBCA-481A-883B-B435187FD6D2}.Release|Any CPU.ActiveCfg = Release|Any CPU
		{832EA3C7-FBCA-481A-883B-B435187FD6D2}.Release|Any CPU.Build.0 = Release|Any CPU
		{1D3822BF-7169-4DE8-B5DA-833B6FB45320}.Debug|Any CPU.ActiveCfg = Debug|Any CPU
		{1D3822BF-7169-4DE8-B5DA-833B6FB45320}.Debug|Any CPU.Build.0 = Debug|Any CPU
		{1D3822BF-7169-4DE8-B5DA-833B6FB45320}.Release|Any CPU.ActiveCfg = Release|Any CPU
		{1D3822BF-7169-4DE8-B5DA-833B6FB45320}.Release|Any CPU.Build.0 = Release|Any CPU
		{DD424168-7E3F-4BA3-B83F-915DAD9D2FDA}.Debug|Any CPU.ActiveCfg = Debug|Any CPU
		{DD424168-7E3F-4BA3-B83F-915DAD9D2FDA}.Debug|Any CPU.Build.0 = Debug|Any CPU
		{DD424168-7E3F-4BA3-B83F-915DAD9D2FDA}.Release|Any CPU.ActiveCfg = Release|Any CPU
		{DD424168-7E3F-4BA3-B83F-915DAD9D2FDA}.Release|Any CPU.Build.0 = Release|Any CPU
	EndGlobalSection
	GlobalSection(SolutionProperties) = preSolution
		HideSolutionNode = FALSE
	EndGlobalSection
	GlobalSection(ExtensibilityGlobals) = postSolution
		SolutionGuid = {EF128DF5-F90C-493A-B4EF-0DD9FAB2E2E1}
	EndGlobalSection
EndGlobal
